// !$*UTF8*$!
{
	archiveVersion = 1;
	classes = {
	};
	objectVersion = 46;
	objects = {

/* Begin PBXBuildFile section */
		5076F0E44281F3F218C72F71 /* Pods_WhereYouAtTests.framework in Frameworks */ = {isa = PBXBuildFile; fileRef = 5775565B6AA7AABA1DCE32CA /* Pods_WhereYouAtTests.framework */; };
		71BF52A3A1F025381CA68889 /* Pods_WhereYouAtUITests.framework in Frameworks */ = {isa = PBXBuildFile; fileRef = 85161CC357373C965FD17E12 /* Pods_WhereYouAtUITests.framework */; };
		9142CA781CB1EB0D009B78E1 /* AppDelegate.swift in Sources */ = {isa = PBXBuildFile; fileRef = 9142CA771CB1EB0D009B78E1 /* AppDelegate.swift */; };
		9142CA7D1CB1EB0D009B78E1 /* Main.storyboard in Resources */ = {isa = PBXBuildFile; fileRef = 9142CA7B1CB1EB0D009B78E1 /* Main.storyboard */; };
		9142CA7F1CB1EB0D009B78E1 /* Assets.xcassets in Resources */ = {isa = PBXBuildFile; fileRef = 9142CA7E1CB1EB0D009B78E1 /* Assets.xcassets */; };
		9142CA821CB1EB0D009B78E1 /* LaunchScreen.storyboard in Resources */ = {isa = PBXBuildFile; fileRef = 9142CA801CB1EB0D009B78E1 /* LaunchScreen.storyboard */; };
		9142CA8D1CB1EB0D009B78E1 /* WhereYouAtTests.swift in Sources */ = {isa = PBXBuildFile; fileRef = 9142CA8C1CB1EB0D009B78E1 /* WhereYouAtTests.swift */; };
		9142CA981CB1EB0D009B78E1 /* WhereYouAtUITests.swift in Sources */ = {isa = PBXBuildFile; fileRef = 9142CA971CB1EB0D009B78E1 /* WhereYouAtUITests.swift */; };
		91C30D5A1CB4D78C00E8B552 /* HomeViewController.swift in Sources */ = {isa = PBXBuildFile; fileRef = 91C30D591CB4D78C00E8B552 /* HomeViewController.swift */; };
		91F7265F1CB1EBF3008A3618 /* Database.swift in Sources */ = {isa = PBXBuildFile; fileRef = 91F7265E1CB1EBF3008A3618 /* Database.swift */; };
		91F726611CB1EC6D008A3618 /* Profile.swift in Sources */ = {isa = PBXBuildFile; fileRef = 91F726601CB1EC6D008A3618 /* Profile.swift */; };
		91F726651CB1EE5A008A3618 /* Location.swift in Sources */ = {isa = PBXBuildFile; fileRef = 91F726641CB1EE5A008A3618 /* Location.swift */; };
		91F726671CB1EF3B008A3618 /* Status.swift in Sources */ = {isa = PBXBuildFile; fileRef = 91F726661CB1EF3B008A3618 /* Status.swift */; };
		E72C77B01CB3066F002E3A3E /* AuthViewController.swift in Sources */ = {isa = PBXBuildFile; fileRef = E72C77AF1CB3066F002E3A3E /* AuthViewController.swift */; };
		E72C77B61CB3899F002E3A3E /* GoogleService-Info.plist in Resources */ = {isa = PBXBuildFile; fileRef = E72C77B51CB3899F002E3A3E /* GoogleService-Info.plist */; };
		E72C77B71CB3899F002E3A3E /* GoogleService-Info.plist in Resources */ = {isa = PBXBuildFile; fileRef = E72C77B51CB3899F002E3A3E /* GoogleService-Info.plist */; };
		E72C77B81CB3899F002E3A3E /* GoogleService-Info.plist in Resources */ = {isa = PBXBuildFile; fileRef = E72C77B51CB3899F002E3A3E /* GoogleService-Info.plist */; };
		E72C77BB1CB39C7D002E3A3E /* FirebaseManager.swift in Sources */ = {isa = PBXBuildFile; fileRef = E72C77BA1CB39C7D002E3A3E /* FirebaseManager.swift */; };
		E72C77BF1CB48164002E3A3E /* NewUserTableViewController.swift in Sources */ = {isa = PBXBuildFile; fileRef = E72C77BE1CB48164002E3A3E /* NewUserTableViewController.swift */; };
		FC1C6B0F963EEA9DDF67E43A /* Pods_WhereYouAt.framework in Frameworks */ = {isa = PBXBuildFile; fileRef = A77225F0F12DEC52E23AA5D7 /* Pods_WhereYouAt.framework */; };
/* End PBXBuildFile section */

/* Begin PBXContainerItemProxy section */
		9142CA891CB1EB0D009B78E1 /* PBXContainerItemProxy */ = {
			isa = PBXContainerItemProxy;
			containerPortal = 9142CA6C1CB1EB0D009B78E1 /* Project object */;
			proxyType = 1;
			remoteGlobalIDString = 9142CA731CB1EB0D009B78E1;
			remoteInfo = WhereYouAt;
		};
		9142CA941CB1EB0D009B78E1 /* PBXContainerItemProxy */ = {
			isa = PBXContainerItemProxy;
			containerPortal = 9142CA6C1CB1EB0D009B78E1 /* Project object */;
			proxyType = 1;
			remoteGlobalIDString = 9142CA731CB1EB0D009B78E1;
			remoteInfo = WhereYouAt;
		};
/* End PBXContainerItemProxy section */

/* Begin PBXFileReference section */
		0E25DF3D4C551B0CFE1058FB /* Pods-WhereYouAt.release.xcconfig */ = {isa = PBXFileReference; includeInIndex = 1; lastKnownFileType = text.xcconfig; name = "Pods-WhereYouAt.release.xcconfig"; path = "Pods/Target Support Files/Pods-WhereYouAt/Pods-WhereYouAt.release.xcconfig"; sourceTree = "<group>"; };
		438B3F1A781A26D21888D674 /* Pods-WhereYouAtTests.debug.xcconfig */ = {isa = PBXFileReference; includeInIndex = 1; lastKnownFileType = text.xcconfig; name = "Pods-WhereYouAtTests.debug.xcconfig"; path = "Pods/Target Support Files/Pods-WhereYouAtTests/Pods-WhereYouAtTests.debug.xcconfig"; sourceTree = "<group>"; };
		4F325EDFBE68EA78D51822AB /* Pods-WhereYouAt.debug.xcconfig */ = {isa = PBXFileReference; includeInIndex = 1; lastKnownFileType = text.xcconfig; name = "Pods-WhereYouAt.debug.xcconfig"; path = "Pods/Target Support Files/Pods-WhereYouAt/Pods-WhereYouAt.debug.xcconfig"; sourceTree = "<group>"; };
		5775565B6AA7AABA1DCE32CA /* Pods_WhereYouAtTests.framework */ = {isa = PBXFileReference; explicitFileType = wrapper.framework; includeInIndex = 0; path = Pods_WhereYouAtTests.framework; sourceTree = BUILT_PRODUCTS_DIR; };
		85161CC357373C965FD17E12 /* Pods_WhereYouAtUITests.framework */ = {isa = PBXFileReference; explicitFileType = wrapper.framework; includeInIndex = 0; path = Pods_WhereYouAtUITests.framework; sourceTree = BUILT_PRODUCTS_DIR; };
		8628602F9BB4F0F7ADAB361C /* Pods-WhereYouAtUITests.release.xcconfig */ = {isa = PBXFileReference; includeInIndex = 1; lastKnownFileType = text.xcconfig; name = "Pods-WhereYouAtUITests.release.xcconfig"; path = "Pods/Target Support Files/Pods-WhereYouAtUITests/Pods-WhereYouAtUITests.release.xcconfig"; sourceTree = "<group>"; };
		871D0902663552DE67A83D11 /* Pods-WhereYouAtUITests.debug.xcconfig */ = {isa = PBXFileReference; includeInIndex = 1; lastKnownFileType = text.xcconfig; name = "Pods-WhereYouAtUITests.debug.xcconfig"; path = "Pods/Target Support Files/Pods-WhereYouAtUITests/Pods-WhereYouAtUITests.debug.xcconfig"; sourceTree = "<group>"; };
		9142CA741CB1EB0D009B78E1 /* WhereYouAt.app */ = {isa = PBXFileReference; explicitFileType = wrapper.application; includeInIndex = 0; path = WhereYouAt.app; sourceTree = BUILT_PRODUCTS_DIR; };
		9142CA771CB1EB0D009B78E1 /* AppDelegate.swift */ = {isa = PBXFileReference; lastKnownFileType = sourcecode.swift; path = AppDelegate.swift; sourceTree = "<group>"; };
		9142CA7C1CB1EB0D009B78E1 /* Base */ = {isa = PBXFileReference; lastKnownFileType = file.storyboard; name = Base; path = Base.lproj/Main.storyboard; sourceTree = "<group>"; };
		9142CA7E1CB1EB0D009B78E1 /* Assets.xcassets */ = {isa = PBXFileReference; lastKnownFileType = folder.assetcatalog; path = Assets.xcassets; sourceTree = "<group>"; };
		9142CA811CB1EB0D009B78E1 /* Base */ = {isa = PBXFileReference; lastKnownFileType = file.storyboard; name = Base; path = Base.lproj/LaunchScreen.storyboard; sourceTree = "<group>"; };
		9142CA831CB1EB0D009B78E1 /* Info.plist */ = {isa = PBXFileReference; lastKnownFileType = text.plist.xml; path = Info.plist; sourceTree = "<group>"; };
		9142CA881CB1EB0D009B78E1 /* WhereYouAtTests.xctest */ = {isa = PBXFileReference; explicitFileType = wrapper.cfbundle; includeInIndex = 0; path = WhereYouAtTests.xctest; sourceTree = BUILT_PRODUCTS_DIR; };
		9142CA8C1CB1EB0D009B78E1 /* WhereYouAtTests.swift */ = {isa = PBXFileReference; lastKnownFileType = sourcecode.swift; path = WhereYouAtTests.swift; sourceTree = "<group>"; };
		9142CA8E1CB1EB0D009B78E1 /* Info.plist */ = {isa = PBXFileReference; lastKnownFileType = text.plist.xml; path = Info.plist; sourceTree = "<group>"; };
		9142CA931CB1EB0D009B78E1 /* WhereYouAtUITests.xctest */ = {isa = PBXFileReference; explicitFileType = wrapper.cfbundle; includeInIndex = 0; path = WhereYouAtUITests.xctest; sourceTree = BUILT_PRODUCTS_DIR; };
		9142CA971CB1EB0D009B78E1 /* WhereYouAtUITests.swift */ = {isa = PBXFileReference; lastKnownFileType = sourcecode.swift; path = WhereYouAtUITests.swift; sourceTree = "<group>"; };
		9142CA991CB1EB0D009B78E1 /* Info.plist */ = {isa = PBXFileReference; lastKnownFileType = text.plist.xml; path = Info.plist; sourceTree = "<group>"; };
		91C30D591CB4D78C00E8B552 /* HomeViewController.swift */ = {isa = PBXFileReference; fileEncoding = 4; lastKnownFileType = sourcecode.swift; path = HomeViewController.swift; sourceTree = "<group>"; };
		91F7265E1CB1EBF3008A3618 /* Database.swift */ = {isa = PBXFileReference; fileEncoding = 4; lastKnownFileType = sourcecode.swift; path = Database.swift; sourceTree = "<group>"; };
		91F726601CB1EC6D008A3618 /* Profile.swift */ = {isa = PBXFileReference; fileEncoding = 4; lastKnownFileType = sourcecode.swift; path = Profile.swift; sourceTree = "<group>"; };
		91F726641CB1EE5A008A3618 /* Location.swift */ = {isa = PBXFileReference; fileEncoding = 4; lastKnownFileType = sourcecode.swift; path = Location.swift; sourceTree = "<group>"; };
		91F726661CB1EF3B008A3618 /* Status.swift */ = {isa = PBXFileReference; fileEncoding = 4; lastKnownFileType = sourcecode.swift; path = Status.swift; sourceTree = "<group>"; };
		A77225F0F12DEC52E23AA5D7 /* Pods_WhereYouAt.framework */ = {isa = PBXFileReference; explicitFileType = wrapper.framework; includeInIndex = 0; path = Pods_WhereYouAt.framework; sourceTree = BUILT_PRODUCTS_DIR; };
		E72C77AC1CB30424002E3A3E /* WhereYouAt-Bridging-Header.h */ = {isa = PBXFileReference; lastKnownFileType = sourcecode.c.h; path = "WhereYouAt-Bridging-Header.h"; sourceTree = SOURCE_ROOT; };
		E72C77AF1CB3066F002E3A3E /* AuthViewController.swift */ = {isa = PBXFileReference; fileEncoding = 4; lastKnownFileType = sourcecode.swift; path = AuthViewController.swift; sourceTree = "<group>"; };
		E72C77B51CB3899F002E3A3E /* GoogleService-Info.plist */ = {isa = PBXFileReference; fileEncoding = 4; lastKnownFileType = text.plist.xml; name = "GoogleService-Info.plist"; path = "../GoogleService-Info.plist"; sourceTree = "<group>"; };
		E72C77BA1CB39C7D002E3A3E /* FirebaseManager.swift */ = {isa = PBXFileReference; fileEncoding = 4; lastKnownFileType = sourcecode.swift; path = FirebaseManager.swift; sourceTree = "<group>"; };
		E72C77BE1CB48164002E3A3E /* NewUserTableViewController.swift */ = {isa = PBXFileReference; fileEncoding = 4; lastKnownFileType = sourcecode.swift; path = NewUserTableViewController.swift; sourceTree = "<group>"; };
		F17E8B8AE30747328ACB2755 /* Pods-WhereYouAtTests.release.xcconfig */ = {isa = PBXFileReference; includeInIndex = 1; lastKnownFileType = text.xcconfig; name = "Pods-WhereYouAtTests.release.xcconfig"; path = "Pods/Target Support Files/Pods-WhereYouAtTests/Pods-WhereYouAtTests.release.xcconfig"; sourceTree = "<group>"; };
/* End PBXFileReference section */

/* Begin PBXFrameworksBuildPhase section */
		9142CA711CB1EB0D009B78E1 /* Frameworks */ = {
			isa = PBXFrameworksBuildPhase;
			buildActionMask = 2147483647;
			files = (
				FC1C6B0F963EEA9DDF67E43A /* Pods_WhereYouAt.framework in Frameworks */,
			);
			runOnlyForDeploymentPostprocessing = 0;
		};
		9142CA851CB1EB0D009B78E1 /* Frameworks */ = {
			isa = PBXFrameworksBuildPhase;
			buildActionMask = 2147483647;
			files = (
				5076F0E44281F3F218C72F71 /* Pods_WhereYouAtTests.framework in Frameworks */,
			);
			runOnlyForDeploymentPostprocessing = 0;
		};
		9142CA901CB1EB0D009B78E1 /* Frameworks */ = {
			isa = PBXFrameworksBuildPhase;
			buildActionMask = 2147483647;
			files = (
				71BF52A3A1F025381CA68889 /* Pods_WhereYouAtUITests.framework in Frameworks */,
			);
			runOnlyForDeploymentPostprocessing = 0;
		};
/* End PBXFrameworksBuildPhase section */

/* Begin PBXGroup section */
		032879AD1163D4AD916D3798 /* Pods */ = {
			isa = PBXGroup;
			children = (
				4F325EDFBE68EA78D51822AB /* Pods-WhereYouAt.debug.xcconfig */,
				0E25DF3D4C551B0CFE1058FB /* Pods-WhereYouAt.release.xcconfig */,
				438B3F1A781A26D21888D674 /* Pods-WhereYouAtTests.debug.xcconfig */,
				F17E8B8AE30747328ACB2755 /* Pods-WhereYouAtTests.release.xcconfig */,
				871D0902663552DE67A83D11 /* Pods-WhereYouAtUITests.debug.xcconfig */,
				8628602F9BB4F0F7ADAB361C /* Pods-WhereYouAtUITests.release.xcconfig */,
			);
			name = Pods;
			sourceTree = "<group>";
		};
		5B05E19265C84BD6E9E29D83 /* Frameworks */ = {
			isa = PBXGroup;
			children = (
				A77225F0F12DEC52E23AA5D7 /* Pods_WhereYouAt.framework */,
				5775565B6AA7AABA1DCE32CA /* Pods_WhereYouAtTests.framework */,
				85161CC357373C965FD17E12 /* Pods_WhereYouAtUITests.framework */,
			);
			name = Frameworks;
			sourceTree = "<group>";
		};
		9130A5951CB5EB9F001A3276 /* Views */ = {
			isa = PBXGroup;
			children = (
				9142CA7B1CB1EB0D009B78E1 /* Main.storyboard */,
			);
			name = Views;
			sourceTree = "<group>";
		};
		9130A5961CB5EBBE001A3276 /* Misc */ = {
			isa = PBXGroup;
			children = (
				E72C77B51CB3899F002E3A3E /* GoogleService-Info.plist */,
				E72C77AC1CB30424002E3A3E /* WhereYouAt-Bridging-Header.h */,
				9142CA771CB1EB0D009B78E1 /* AppDelegate.swift */,
				9142CA801CB1EB0D009B78E1 /* LaunchScreen.storyboard */,
				9142CA7E1CB1EB0D009B78E1 /* Assets.xcassets */,
				9142CA831CB1EB0D009B78E1 /* Info.plist */,
			);
			name = Misc;
			sourceTree = "<group>";
		};
		9142CA6B1CB1EB0D009B78E1 = {
			isa = PBXGroup;
			children = (
				9142CA761CB1EB0D009B78E1 /* WhereYouAt */,
				9142CA8B1CB1EB0D009B78E1 /* WhereYouAtTests */,
				9142CA961CB1EB0D009B78E1 /* WhereYouAtUITests */,
				9142CA751CB1EB0D009B78E1 /* Products */,
				032879AD1163D4AD916D3798 /* Pods */,
				5B05E19265C84BD6E9E29D83 /* Frameworks */,
			);
			sourceTree = "<group>";
		};
		9142CA751CB1EB0D009B78E1 /* Products */ = {
			isa = PBXGroup;
			children = (
				9142CA741CB1EB0D009B78E1 /* WhereYouAt.app */,
				9142CA881CB1EB0D009B78E1 /* WhereYouAtTests.xctest */,
				9142CA931CB1EB0D009B78E1 /* WhereYouAtUITests.xctest */,
			);
			name = Products;
			sourceTree = "<group>";
		};
		9142CA761CB1EB0D009B78E1 /* WhereYouAt */ = {
			isa = PBXGroup;
			children = (
				E72C77B91CB39BE2002E3A3E /* View Controllers */,
				9130A5951CB5EB9F001A3276 /* Views */,
				91F7265D1CB1EBDA008A3618 /* Models */,
				9130A5961CB5EBBE001A3276 /* Misc */,
			);
			path = WhereYouAt;
			sourceTree = "<group>";
		};
		9142CA8B1CB1EB0D009B78E1 /* WhereYouAtTests */ = {
			isa = PBXGroup;
			children = (
				9142CA8C1CB1EB0D009B78E1 /* WhereYouAtTests.swift */,
				9142CA8E1CB1EB0D009B78E1 /* Info.plist */,
			);
			path = WhereYouAtTests;
			sourceTree = "<group>";
		};
		9142CA961CB1EB0D009B78E1 /* WhereYouAtUITests */ = {
			isa = PBXGroup;
			children = (
				9142CA971CB1EB0D009B78E1 /* WhereYouAtUITests.swift */,
				9142CA991CB1EB0D009B78E1 /* Info.plist */,
			);
			path = WhereYouAtUITests;
			sourceTree = "<group>";
		};
		91F7265D1CB1EBDA008A3618 /* Models */ = {
			isa = PBXGroup;
			children = (
				E72C77BA1CB39C7D002E3A3E /* FirebaseManager.swift */,
				91F7265E1CB1EBF3008A3618 /* Database.swift */,
				91F726601CB1EC6D008A3618 /* Profile.swift */,
				91F726661CB1EF3B008A3618 /* Status.swift */,
				91F726641CB1EE5A008A3618 /* Location.swift */,
			);
			name = Models;
			sourceTree = "<group>";
		};
		E72C77B91CB39BE2002E3A3E /* View Controllers */ = {
			isa = PBXGroup;
			children = (
				91C30D591CB4D78C00E8B552 /* HomeViewController.swift */,
				E72C77AF1CB3066F002E3A3E /* AuthViewController.swift */,
				E72C77BE1CB48164002E3A3E /* NewUserTableViewController.swift */,
			);
			name = "View Controllers";
			sourceTree = "<group>";
		};
/* End PBXGroup section */

/* Begin PBXNativeTarget section */
		9142CA731CB1EB0D009B78E1 /* WhereYouAt */ = {
			isa = PBXNativeTarget;
			buildConfigurationList = 9142CA9C1CB1EB0D009B78E1 /* Build configuration list for PBXNativeTarget "WhereYouAt" */;
			buildPhases = (
				01DB1E34A298E2BE33E95B45 /* Check Pods Manifest.lock */,
				9142CA701CB1EB0D009B78E1 /* Sources */,
				9142CA711CB1EB0D009B78E1 /* Frameworks */,
				9142CA721CB1EB0D009B78E1 /* Resources */,
				467604147C31544E64000C14 /* Embed Pods Frameworks */,
				5796E8B8DB2608FBA81AE0C2 /* Copy Pods Resources */,
			);
			buildRules = (
			);
			dependencies = (
			);
			name = WhereYouAt;
			productName = WhereYouAt;
			productReference = 9142CA741CB1EB0D009B78E1 /* WhereYouAt.app */;
			productType = "com.apple.product-type.application";
		};
		9142CA871CB1EB0D009B78E1 /* WhereYouAtTests */ = {
			isa = PBXNativeTarget;
			buildConfigurationList = 9142CA9F1CB1EB0D009B78E1 /* Build configuration list for PBXNativeTarget "WhereYouAtTests" */;
			buildPhases = (
				488A3B8D6AA68B194A40B088 /* Check Pods Manifest.lock */,
				9142CA841CB1EB0D009B78E1 /* Sources */,
				9142CA851CB1EB0D009B78E1 /* Frameworks */,
				9142CA861CB1EB0D009B78E1 /* Resources */,
				876FCA3F1B7BA4B1F1649172 /* Embed Pods Frameworks */,
				A947052D7C33A557C6F82C9E /* Copy Pods Resources */,
			);
			buildRules = (
			);
			dependencies = (
				9142CA8A1CB1EB0D009B78E1 /* PBXTargetDependency */,
			);
			name = WhereYouAtTests;
			productName = WhereYouAtTests;
			productReference = 9142CA881CB1EB0D009B78E1 /* WhereYouAtTests.xctest */;
			productType = "com.apple.product-type.bundle.unit-test";
		};
		9142CA921CB1EB0D009B78E1 /* WhereYouAtUITests */ = {
			isa = PBXNativeTarget;
			buildConfigurationList = 9142CAA21CB1EB0D009B78E1 /* Build configuration list for PBXNativeTarget "WhereYouAtUITests" */;
			buildPhases = (
				67C68EB1B045FF371C0AFF0C /* Check Pods Manifest.lock */,
				9142CA8F1CB1EB0D009B78E1 /* Sources */,
				9142CA901CB1EB0D009B78E1 /* Frameworks */,
				9142CA911CB1EB0D009B78E1 /* Resources */,
				D4DBFEB5EC88C9BEF4BD5EE3 /* Copy Pods Resources */,
			);
			buildRules = (
			);
			dependencies = (
				9142CA951CB1EB0D009B78E1 /* PBXTargetDependency */,
			);
			name = WhereYouAtUITests;
			productName = WhereYouAtUITests;
			productReference = 9142CA931CB1EB0D009B78E1 /* WhereYouAtUITests.xctest */;
			productType = "com.apple.product-type.bundle.ui-testing";
		};
/* End PBXNativeTarget section */

/* Begin PBXProject section */
		9142CA6C1CB1EB0D009B78E1 /* Project object */ = {
			isa = PBXProject;
			attributes = {
				LastSwiftUpdateCheck = 0730;
				LastUpgradeCheck = 0730;
				ORGANIZATIONNAME = "Where You At";
				TargetAttributes = {
					9142CA731CB1EB0D009B78E1 = {
						CreatedOnToolsVersion = 7.3;
						DevelopmentTeam = 4C9VKWQ9S7;
					};
					9142CA871CB1EB0D009B78E1 = {
						CreatedOnToolsVersion = 7.3;
						DevelopmentTeam = 499G2MTD9Y;
						TestTargetID = 9142CA731CB1EB0D009B78E1;
					};
					9142CA921CB1EB0D009B78E1 = {
						CreatedOnToolsVersion = 7.3;
						DevelopmentTeam = 499G2MTD9Y;
						TestTargetID = 9142CA731CB1EB0D009B78E1;
					};
				};
			};
			buildConfigurationList = 9142CA6F1CB1EB0D009B78E1 /* Build configuration list for PBXProject "WhereYouAt" */;
			compatibilityVersion = "Xcode 3.2";
			developmentRegion = English;
			hasScannedForEncodings = 0;
			knownRegions = (
				en,
				Base,
			);
			mainGroup = 9142CA6B1CB1EB0D009B78E1;
			productRefGroup = 9142CA751CB1EB0D009B78E1 /* Products */;
			projectDirPath = "";
			projectRoot = "";
			targets = (
				9142CA731CB1EB0D009B78E1 /* WhereYouAt */,
				9142CA871CB1EB0D009B78E1 /* WhereYouAtTests */,
				9142CA921CB1EB0D009B78E1 /* WhereYouAtUITests */,
			);
		};
/* End PBXProject section */

/* Begin PBXResourcesBuildPhase section */
		9142CA721CB1EB0D009B78E1 /* Resources */ = {
			isa = PBXResourcesBuildPhase;
			buildActionMask = 2147483647;
			files = (
				9142CA821CB1EB0D009B78E1 /* LaunchScreen.storyboard in Resources */,
				E72C77B61CB3899F002E3A3E /* GoogleService-Info.plist in Resources */,
				9142CA7F1CB1EB0D009B78E1 /* Assets.xcassets in Resources */,
				9142CA7D1CB1EB0D009B78E1 /* Main.storyboard in Resources */,
			);
			runOnlyForDeploymentPostprocessing = 0;
		};
		9142CA861CB1EB0D009B78E1 /* Resources */ = {
			isa = PBXResourcesBuildPhase;
			buildActionMask = 2147483647;
			files = (
				E72C77B71CB3899F002E3A3E /* GoogleService-Info.plist in Resources */,
			);
			runOnlyForDeploymentPostprocessing = 0;
		};
		9142CA911CB1EB0D009B78E1 /* Resources */ = {
			isa = PBXResourcesBuildPhase;
			buildActionMask = 2147483647;
			files = (
				E72C77B81CB3899F002E3A3E /* GoogleService-Info.plist in Resources */,
			);
			runOnlyForDeploymentPostprocessing = 0;
		};
/* End PBXResourcesBuildPhase section */

/* Begin PBXShellScriptBuildPhase section */
		01DB1E34A298E2BE33E95B45 /* Check Pods Manifest.lock */ = {
			isa = PBXShellScriptBuildPhase;
			buildActionMask = 2147483647;
			files = (
			);
			inputPaths = (
			);
			name = "Check Pods Manifest.lock";
			outputPaths = (
			);
			runOnlyForDeploymentPostprocessing = 0;
			shellPath = /bin/sh;
			shellScript = "diff \"${PODS_ROOT}/../Podfile.lock\" \"${PODS_ROOT}/Manifest.lock\" > /dev/null\nif [[ $? != 0 ]] ; then\n    cat << EOM\nerror: The sandbox is not in sync with the Podfile.lock. Run 'pod install' or update your CocoaPods installation.\nEOM\n    exit 1\nfi\n";
			showEnvVarsInLog = 0;
		};
		467604147C31544E64000C14 /* Embed Pods Frameworks */ = {
			isa = PBXShellScriptBuildPhase;
			buildActionMask = 2147483647;
			files = (
			);
			inputPaths = (
			);
			name = "Embed Pods Frameworks";
			outputPaths = (
			);
			runOnlyForDeploymentPostprocessing = 0;
			shellPath = /bin/sh;
			shellScript = "\"${SRCROOT}/Pods/Target Support Files/Pods-WhereYouAt/Pods-WhereYouAt-frameworks.sh\"\n";
			showEnvVarsInLog = 0;
		};
		488A3B8D6AA68B194A40B088 /* Check Pods Manifest.lock */ = {
			isa = PBXShellScriptBuildPhase;
			buildActionMask = 2147483647;
			files = (
			);
			inputPaths = (
			);
			name = "Check Pods Manifest.lock";
			outputPaths = (
			);
			runOnlyForDeploymentPostprocessing = 0;
			shellPath = /bin/sh;
			shellScript = "diff \"${PODS_ROOT}/../Podfile.lock\" \"${PODS_ROOT}/Manifest.lock\" > /dev/null\nif [[ $? != 0 ]] ; then\n    cat << EOM\nerror: The sandbox is not in sync with the Podfile.lock. Run 'pod install' or update your CocoaPods installation.\nEOM\n    exit 1\nfi\n";
			showEnvVarsInLog = 0;
		};
		5796E8B8DB2608FBA81AE0C2 /* Copy Pods Resources */ = {
			isa = PBXShellScriptBuildPhase;
			buildActionMask = 2147483647;
			files = (
			);
			inputPaths = (
			);
			name = "Copy Pods Resources";
			outputPaths = (
			);
			runOnlyForDeploymentPostprocessing = 0;
			shellPath = /bin/sh;
			shellScript = "\"${SRCROOT}/Pods/Target Support Files/Pods-WhereYouAt/Pods-WhereYouAt-resources.sh\"\n";
			showEnvVarsInLog = 0;
		};
		67C68EB1B045FF371C0AFF0C /* Check Pods Manifest.lock */ = {
			isa = PBXShellScriptBuildPhase;
			buildActionMask = 2147483647;
			files = (
			);
			inputPaths = (
			);
			name = "Check Pods Manifest.lock";
			outputPaths = (
			);
			runOnlyForDeploymentPostprocessing = 0;
			shellPath = /bin/sh;
			shellScript = "diff \"${PODS_ROOT}/../Podfile.lock\" \"${PODS_ROOT}/Manifest.lock\" > /dev/null\nif [[ $? != 0 ]] ; then\n    cat << EOM\nerror: The sandbox is not in sync with the Podfile.lock. Run 'pod install' or update your CocoaPods installation.\nEOM\n    exit 1\nfi\n";
			showEnvVarsInLog = 0;
		};
		876FCA3F1B7BA4B1F1649172 /* Embed Pods Frameworks */ = {
			isa = PBXShellScriptBuildPhase;
			buildActionMask = 2147483647;
			files = (
			);
			inputPaths = (
			);
			name = "Embed Pods Frameworks";
			outputPaths = (
			);
			runOnlyForDeploymentPostprocessing = 0;
			shellPath = /bin/sh;
			shellScript = "\"${SRCROOT}/Pods/Target Support Files/Pods-WhereYouAtTests/Pods-WhereYouAtTests-frameworks.sh\"\n";
			showEnvVarsInLog = 0;
		};
		A947052D7C33A557C6F82C9E /* Copy Pods Resources */ = {
			isa = PBXShellScriptBuildPhase;
			buildActionMask = 2147483647;
			files = (
			);
			inputPaths = (
			);
			name = "Copy Pods Resources";
			outputPaths = (
			);
			runOnlyForDeploymentPostprocessing = 0;
			shellPath = /bin/sh;
			shellScript = "\"${SRCROOT}/Pods/Target Support Files/Pods-WhereYouAtTests/Pods-WhereYouAtTests-resources.sh\"\n";
			showEnvVarsInLog = 0;
		};
		D4DBFEB5EC88C9BEF4BD5EE3 /* Copy Pods Resources */ = {
			isa = PBXShellScriptBuildPhase;
			buildActionMask = 2147483647;
			files = (
			);
			inputPaths = (
			);
			name = "Copy Pods Resources";
			outputPaths = (
			);
			runOnlyForDeploymentPostprocessing = 0;
			shellPath = /bin/sh;
			shellScript = "\"${SRCROOT}/Pods/Target Support Files/Pods-WhereYouAtUITests/Pods-WhereYouAtUITests-resources.sh\"\n";
			showEnvVarsInLog = 0;
		};
/* End PBXShellScriptBuildPhase section */

/* Begin PBXSourcesBuildPhase section */
		9142CA701CB1EB0D009B78E1 /* Sources */ = {
			isa = PBXSourcesBuildPhase;
			buildActionMask = 2147483647;
			files = (
				91F7265F1CB1EBF3008A3618 /* Database.swift in Sources */,
				91F726611CB1EC6D008A3618 /* Profile.swift in Sources */,
				91F726671CB1EF3B008A3618 /* Status.swift in Sources */,
				E72C77B01CB3066F002E3A3E /* AuthViewController.swift in Sources */,
				E72C77BB1CB39C7D002E3A3E /* FirebaseManager.swift in Sources */,
				91C30D5A1CB4D78C00E8B552 /* HomeViewController.swift in Sources */,
				9142CA781CB1EB0D009B78E1 /* AppDelegate.swift in Sources */,
				91F726651CB1EE5A008A3618 /* Location.swift in Sources */,
				E72C77BF1CB48164002E3A3E /* NewUserTableViewController.swift in Sources */,
			);
			runOnlyForDeploymentPostprocessing = 0;
		};
		9142CA841CB1EB0D009B78E1 /* Sources */ = {
			isa = PBXSourcesBuildPhase;
			buildActionMask = 2147483647;
			files = (
				9142CA8D1CB1EB0D009B78E1 /* WhereYouAtTests.swift in Sources */,
			);
			runOnlyForDeploymentPostprocessing = 0;
		};
		9142CA8F1CB1EB0D009B78E1 /* Sources */ = {
			isa = PBXSourcesBuildPhase;
			buildActionMask = 2147483647;
			files = (
				9142CA981CB1EB0D009B78E1 /* WhereYouAtUITests.swift in Sources */,
			);
			runOnlyForDeploymentPostprocessing = 0;
		};
/* End PBXSourcesBuildPhase section */

/* Begin PBXTargetDependency section */
		9142CA8A1CB1EB0D009B78E1 /* PBXTargetDependency */ = {
			isa = PBXTargetDependency;
			target = 9142CA731CB1EB0D009B78E1 /* WhereYouAt */;
			targetProxy = 9142CA891CB1EB0D009B78E1 /* PBXContainerItemProxy */;
		};
		9142CA951CB1EB0D009B78E1 /* PBXTargetDependency */ = {
			isa = PBXTargetDependency;
			target = 9142CA731CB1EB0D009B78E1 /* WhereYouAt */;
			targetProxy = 9142CA941CB1EB0D009B78E1 /* PBXContainerItemProxy */;
		};
/* End PBXTargetDependency section */

/* Begin PBXVariantGroup section */
		9142CA7B1CB1EB0D009B78E1 /* Main.storyboard */ = {
			isa = PBXVariantGroup;
			children = (
				9142CA7C1CB1EB0D009B78E1 /* Base */,
			);
			name = Main.storyboard;
			sourceTree = "<group>";
		};
		9142CA801CB1EB0D009B78E1 /* LaunchScreen.storyboard */ = {
			isa = PBXVariantGroup;
			children = (
				9142CA811CB1EB0D009B78E1 /* Base */,
			);
			name = LaunchScreen.storyboard;
			sourceTree = "<group>";
		};
/* End PBXVariantGroup section */

/* Begin XCBuildConfiguration section */
		9142CA9A1CB1EB0D009B78E1 /* Debug */ = {
			isa = XCBuildConfiguration;
			buildSettings = {
				ALWAYS_SEARCH_USER_PATHS = NO;
				CLANG_ANALYZER_NONNULL = YES;
				CLANG_CXX_LANGUAGE_STANDARD = "gnu++0x";
				CLANG_CXX_LIBRARY = "libc++";
				CLANG_ENABLE_MODULES = YES;
				CLANG_ENABLE_OBJC_ARC = YES;
				CLANG_WARN_BOOL_CONVERSION = YES;
				CLANG_WARN_CONSTANT_CONVERSION = YES;
				CLANG_WARN_DIRECT_OBJC_ISA_USAGE = YES_ERROR;
				CLANG_WARN_EMPTY_BODY = YES;
				CLANG_WARN_ENUM_CONVERSION = YES;
				CLANG_WARN_INT_CONVERSION = YES;
				CLANG_WARN_OBJC_ROOT_CLASS = YES_ERROR;
				CLANG_WARN_UNREACHABLE_CODE = YES;
				CLANG_WARN__DUPLICATE_METHOD_MATCH = YES;
				"CODE_SIGN_IDENTITY[sdk=iphoneos*]" = "iPhone Developer";
				COPY_PHASE_STRIP = NO;
				DEBUG_INFORMATION_FORMAT = dwarf;
				ENABLE_STRICT_OBJC_MSGSEND = YES;
				ENABLE_TESTABILITY = YES;
				GCC_C_LANGUAGE_STANDARD = gnu99;
				GCC_DYNAMIC_NO_PIC = NO;
				GCC_NO_COMMON_BLOCKS = YES;
				GCC_OPTIMIZATION_LEVEL = 0;
				GCC_PREPROCESSOR_DEFINITIONS = (
					"DEBUG=1",
					"$(inherited)",
				);
				GCC_WARN_64_TO_32_BIT_CONVERSION = YES;
				GCC_WARN_ABOUT_RETURN_TYPE = YES_ERROR;
				GCC_WARN_UNDECLARED_SELECTOR = YES;
				GCC_WARN_UNINITIALIZED_AUTOS = YES_AGGRESSIVE;
				GCC_WARN_UNUSED_FUNCTION = YES;
				GCC_WARN_UNUSED_VARIABLE = YES;
				IPHONEOS_DEPLOYMENT_TARGET = 9.3;
				MTL_ENABLE_DEBUG_INFO = YES;
				ONLY_ACTIVE_ARCH = YES;
				SDKROOT = iphoneos;
				SWIFT_OPTIMIZATION_LEVEL = "-Onone";
				TARGETED_DEVICE_FAMILY = "1,2";
			};
			name = Debug;
		};
		9142CA9B1CB1EB0D009B78E1 /* Release */ = {
			isa = XCBuildConfiguration;
			buildSettings = {
				ALWAYS_SEARCH_USER_PATHS = NO;
				CLANG_ANALYZER_NONNULL = YES;
				CLANG_CXX_LANGUAGE_STANDARD = "gnu++0x";
				CLANG_CXX_LIBRARY = "libc++";
				CLANG_ENABLE_MODULES = YES;
				CLANG_ENABLE_OBJC_ARC = YES;
				CLANG_WARN_BOOL_CONVERSION = YES;
				CLANG_WARN_CONSTANT_CONVERSION = YES;
				CLANG_WARN_DIRECT_OBJC_ISA_USAGE = YES_ERROR;
				CLANG_WARN_EMPTY_BODY = YES;
				CLANG_WARN_ENUM_CONVERSION = YES;
				CLANG_WARN_INT_CONVERSION = YES;
				CLANG_WARN_OBJC_ROOT_CLASS = YES_ERROR;
				CLANG_WARN_UNREACHABLE_CODE = YES;
				CLANG_WARN__DUPLICATE_METHOD_MATCH = YES;
				"CODE_SIGN_IDENTITY[sdk=iphoneos*]" = "iPhone Developer";
				COPY_PHASE_STRIP = NO;
				DEBUG_INFORMATION_FORMAT = "dwarf-with-dsym";
				ENABLE_NS_ASSERTIONS = NO;
				ENABLE_STRICT_OBJC_MSGSEND = YES;
				GCC_C_LANGUAGE_STANDARD = gnu99;
				GCC_NO_COMMON_BLOCKS = YES;
				GCC_WARN_64_TO_32_BIT_CONVERSION = YES;
				GCC_WARN_ABOUT_RETURN_TYPE = YES_ERROR;
				GCC_WARN_UNDECLARED_SELECTOR = YES;
				GCC_WARN_UNINITIALIZED_AUTOS = YES_AGGRESSIVE;
				GCC_WARN_UNUSED_FUNCTION = YES;
				GCC_WARN_UNUSED_VARIABLE = YES;
				IPHONEOS_DEPLOYMENT_TARGET = 9.3;
				MTL_ENABLE_DEBUG_INFO = NO;
				SDKROOT = iphoneos;
				TARGETED_DEVICE_FAMILY = "1,2";
				VALIDATE_PRODUCT = YES;
			};
			name = Release;
		};
		9142CA9D1CB1EB0D009B78E1 /* Debug */ = {
			isa = XCBuildConfiguration;
			baseConfigurationReference = 4F325EDFBE68EA78D51822AB /* Pods-WhereYouAt.debug.xcconfig */;
			buildSettings = {
				ASSETCATALOG_COMPILER_APPICON_NAME = AppIcon;
				CODE_SIGN_IDENTITY = "iPhone Developer";
				INFOPLIST_FILE = WhereYouAt/Info.plist;
				LD_RUNPATH_SEARCH_PATHS = "$(inherited) @executable_path/Frameworks";
				PRODUCT_BUNDLE_IDENTIFIER = mobileapps.WhereYouAt;
				PRODUCT_NAME = "$(TARGET_NAME)";
			};
			name = Debug;
		};
		9142CA9E1CB1EB0D009B78E1 /* Release */ = {
			isa = XCBuildConfiguration;
			baseConfigurationReference = 0E25DF3D4C551B0CFE1058FB /* Pods-WhereYouAt.release.xcconfig */;
			buildSettings = {
				ASSETCATALOG_COMPILER_APPICON_NAME = AppIcon;
				CODE_SIGN_IDENTITY = "iPhone Developer";
				INFOPLIST_FILE = WhereYouAt/Info.plist;
				LD_RUNPATH_SEARCH_PATHS = "$(inherited) @executable_path/Frameworks";
				PRODUCT_BUNDLE_IDENTIFIER = mobileapps.WhereYouAt;
				PRODUCT_NAME = "$(TARGET_NAME)";
			};
			name = Release;
		};
		9142CAA01CB1EB0D009B78E1 /* Debug */ = {
			isa = XCBuildConfiguration;
			baseConfigurationReference = 438B3F1A781A26D21888D674 /* Pods-WhereYouAtTests.debug.xcconfig */;
			buildSettings = {
				BUNDLE_LOADER = "$(TEST_HOST)";
				INFOPLIST_FILE = WhereYouAtTests/Info.plist;
				LD_RUNPATH_SEARCH_PATHS = "$(inherited) @executable_path/Frameworks @loader_path/Frameworks";
				PRODUCT_BUNDLE_IDENTIFIER = whereyouat.WhereYouAtTests;
				PRODUCT_NAME = "$(TARGET_NAME)";
				TEST_HOST = "$(BUILT_PRODUCTS_DIR)/WhereYouAt.app/WhereYouAt";
			};
			name = Debug;
		};
		9142CAA11CB1EB0D009B78E1 /* Release */ = {
			isa = XCBuildConfiguration;
			baseConfigurationReference = F17E8B8AE30747328ACB2755 /* Pods-WhereYouAtTests.release.xcconfig */;
			buildSettings = {
				BUNDLE_LOADER = "$(TEST_HOST)";
				INFOPLIST_FILE = WhereYouAtTests/Info.plist;
				LD_RUNPATH_SEARCH_PATHS = "$(inherited) @executable_path/Frameworks @loader_path/Frameworks";
				PRODUCT_BUNDLE_IDENTIFIER = whereyouat.WhereYouAtTests;
				PRODUCT_NAME = "$(TARGET_NAME)";
				TEST_HOST = "$(BUILT_PRODUCTS_DIR)/WhereYouAt.app/WhereYouAt";
			};
			name = Release;
		};
		9142CAA31CB1EB0D009B78E1 /* Debug */ = {
			isa = XCBuildConfiguration;
			baseConfigurationReference = 871D0902663552DE67A83D11 /* Pods-WhereYouAtUITests.debug.xcconfig */;
			buildSettings = {
				INFOPLIST_FILE = WhereYouAtUITests/Info.plist;
				LD_RUNPATH_SEARCH_PATHS = "$(inherited) @executable_path/Frameworks @loader_path/Frameworks";
				PRODUCT_BUNDLE_IDENTIFIER = whereyouat.WhereYouAtUITests;
				PRODUCT_NAME = "$(TARGET_NAME)";
				TEST_TARGET_NAME = WhereYouAt;
			};
			name = Debug;
		};
		9142CAA41CB1EB0D009B78E1 /* Release */ = {
			isa = XCBuildConfiguration;
			baseConfigurationReference = 8628602F9BB4F0F7ADAB361C /* Pods-WhereYouAtUITests.release.xcconfig */;
			buildSettings = {
				INFOPLIST_FILE = WhereYouAtUITests/Info.plist;
				LD_RUNPATH_SEARCH_PATHS = "$(inherited) @executable_path/Frameworks @loader_path/Frameworks";
				PRODUCT_BUNDLE_IDENTIFIER = whereyouat.WhereYouAtUITests;
				PRODUCT_NAME = "$(TARGET_NAME)";
				TEST_TARGET_NAME = WhereYouAt;
			};
			name = Release;
		};
/* End XCBuildConfiguration section */

/* Begin XCConfigurationList section */
		9142CA6F1CB1EB0D009B78E1 /* Build configuration list for PBXProject "WhereYouAt" */ = {
			isa = XCConfigurationList;
			buildConfigurations = (
				9142CA9A1CB1EB0D009B78E1 /* Debug */,
				9142CA9B1CB1EB0D009B78E1 /* Release */,
			);
			defaultConfigurationIsVisible = 0;
			defaultConfigurationName = Release;
		};
		9142CA9C1CB1EB0D009B78E1 /* Build configuration list for PBXNativeTarget "WhereYouAt" */ = {
			isa = XCConfigurationList;
			buildConfigurations = (
				9142CA9D1CB1EB0D009B78E1 /* Debug */,
				9142CA9E1CB1EB0D009B78E1 /* Release */,
			);
			defaultConfigurationIsVisible = 0;
			defaultConfigurationName = Release;
		};
		9142CA9F1CB1EB0D009B78E1 /* Build configuration list for PBXNativeTarget "WhereYouAtTests" */ = {
			isa = XCConfigurationList;
			buildConfigurations = (
				9142CAA01CB1EB0D009B78E1 /* Debug */,
				9142CAA11CB1EB0D009B78E1 /* Release */,
			);
			defaultConfigurationIsVisible = 0;
			defaultConfigurationName = Release;
		};
		9142CAA21CB1EB0D009B78E1 /* Build configuration list for PBXNativeTarget "WhereYouAtUITests" */ = {
			isa = XCConfigurationList;
			buildConfigurations = (
				9142CAA31CB1EB0D009B78E1 /* Debug */,
				9142CAA41CB1EB0D009B78E1 /* Release */,
			);
			defaultConfigurationIsVisible = 0;
			defaultConfigurationName = Release;
		};
/* End XCConfigurationList section */
	};
	rootObject = 9142CA6C1CB1EB0D009B78E1 /* Project object */;
}
